Microsoft Visual Studio Solution File, Format Version 11.00
# Visual Studio 2008

Project("{D77EF7AF-37A7-7150-CBB2-54D80EE08150}") = "PRG8", "Assembly-CSharp-firstpass.csproj", "{B19B914F-DC51-6D5A-56B0-1ADBE88A1A11}"
EndProject
Project("{D77EF7AF-37A7-7150-CBB2-54D80EE08150}") = "PRG8", "Assembly-CSharp.csproj", "{C10EE7EC-367B-4659-BD62-5F3926029F01}"
EndProject
Project("{D77EF7AF-37A7-7150-CBB2-54D80EE08150}") = "PRG8", "Assembly-UnityScript.unityproj", "{7396CAB1-3F29-1C2E-33F1-48D801E99AC5}"
EndProject
Global
	GlobalSection(SolutionConfigurationPlatforms) = preSolution
		Debug|Any CPU = Debug|Any CPU
		Release|Any CPU = Release|Any CPU
	EndGlobalSection
	GlobalSection(ProjectConfigurationPlatforms) = postSolution
		{B19B914F-DC51-6D5A-56B0-1ADBE88A1A11}.Debug|Any CPU.ActiveCfg = Debug|Any CPU
		{B19B914F-DC51-6D5A-56B0-1ADBE88A1A11}.Debug|Any CPU.Build.0 = Debug|Any CPU
		{B19B914F-DC51-6D5A-56B0-1ADBE88A1A11}.Release|Any CPU.ActiveCfg = Release|Any CPU
		{B19B914F-DC51-6D5A-56B0-1ADBE88A1A11}.Release|Any CPU.Build.0 = Release|Any CPU
		{C10EE7EC-367B-4659-BD62-5F3926029F01}.Debug|Any CPU.ActiveCfg = Debug|Any CPU
		{C10EE7EC-367B-4659-BD62-5F3926029F01}.Debug|Any CPU.Build.0 = Debug|Any CPU
		{C10EE7EC-367B-4659-BD62-5F3926029F01}.Release|Any CPU.ActiveCfg = Release|Any CPU
		{C10EE7EC-367B-4659-BD62-5F3926029F01}.Release|Any CPU.Build.0 = Release|Any CPU
		{7396CAB1-3F29-1C2E-33F1-48D801E99AC5}.Debug|Any CPU.ActiveCfg = Debug|Any CPU
		{7396CAB1-3F29-1C2E-33F1-48D801E99AC5}.Debug|Any CPU.Build.0 = Debug|Any CPU
		{7396CAB1-3F29-1C2E-33F1-48D801E99AC5}.Release|Any CPU.ActiveCfg = Release|Any CPU
		{7396CAB1-3F29-1C2E-33F1-48D801E99AC5}.Release|Any CPU.Build.0 = Release|Any CPU
	EndGlobalSection
	GlobalSection(SolutionProperties) = preSolution
		HideSolutionNode = FALSE
	EndGlobalSection
	GlobalSection(MonoDevelopProperties) = preSolution
		StartupItem = Assembly-CSharp.csproj
	EndGlobalSection
EndGlobal
