
Microsoft Visual Studio Solution File, Format Version 12.00
# Visual Studio 2017
Project("{FAE04EC0-301F-11D3-BF4B-00C04F79EFBC}") = "True-Collector.Plugins", "True-Collector.Plugins.csproj", "{07D7D45C-8797-8974-16D5-950D220DA67D}"
EndProject
Project("{FAE04EC0-301F-11D3-BF4B-00C04F79EFBC}") = "True-Collector", "True-Collector.csproj", "{54556A1F-9B7F-39F6-E90E-940374F5F8E9}"
EndProject
Global
	GlobalSection(SolutionConfigurationPlatforms) = preSolution
		Debug|Any CPU = Debug|Any CPU
		Release|Any CPU = Release|Any CPU
	EndGlobalSection
	GlobalSection(ProjectConfigurationPlatforms) = postSolution
		{07D7D45C-8797-8974-16D5-950D220DA67D}.Debug|Any CPU.ActiveCfg = Debug|Any CPU
		{07D7D45C-8797-8974-16D5-950D220DA67D}.Debug|Any CPU.Build.0 = Debug|Any CPU
		{07D7D45C-8797-8974-16D5-950D220DA67D}.Release|Any CPU.ActiveCfg = Release|Any CPU
		{07D7D45C-8797-8974-16D5-950D220DA67D}.Release|Any CPU.Build.0 = Release|Any CPU
		{54556A1F-9B7F-39F6-E90E-940374F5F8E9}.Debug|Any CPU.ActiveCfg = Debug|Any CPU
		{54556A1F-9B7F-39F6-E90E-940374F5F8E9}.Debug|Any CPU.Build.0 = Debug|Any CPU
		{54556A1F-9B7F-39F6-E90E-940374F5F8E9}.Release|Any CPU.ActiveCfg = Release|Any CPU
		{54556A1F-9B7F-39F6-E90E-940374F5F8E9}.Release|Any CPU.Build.0 = Release|Any CPU
	EndGlobalSection
	GlobalSection(SolutionProperties) = preSolution
		HideSolutionNode = FALSE
	EndGlobalSection
EndGlobal
