Microsoft Visual Studio Solution File, Format Version 11.00
# Visual Studio 2008

Project("{03785CC3-EE80-0ECB-482B-FCAB30AAD229}") = "True-Collector", "Assembly-CSharp-firstpass.csproj", "{1DABDDEA-2AAE-5409-D51B-7B9597321CCC}"
EndProject
Project("{03785CC3-EE80-0ECB-482B-FCAB30AAD229}") = "True-Collector", "Assembly-CSharp.csproj", "{C71518C8-0C59-95D9-64E8-6369F396139E}"
EndProject
Project("{03785CC3-EE80-0ECB-482B-FCAB30AAD229}") = "True-Collector", "Assembly-UnityScript.unityproj", "{E5CBC7E5-741B-C007-8920-0D364AC19FE4}"
EndProject
Global
	GlobalSection(SolutionConfigurationPlatforms) = preSolution
		Debug|Any CPU = Debug|Any CPU
		Release|Any CPU = Release|Any CPU
	EndGlobalSection
	GlobalSection(ProjectConfigurationPlatforms) = postSolution
		{1DABDDEA-2AAE-5409-D51B-7B9597321CCC}.Debug|Any CPU.ActiveCfg = Debug|Any CPU
		{1DABDDEA-2AAE-5409-D51B-7B9597321CCC}.Debug|Any CPU.Build.0 = Debug|Any CPU
		{1DABDDEA-2AAE-5409-D51B-7B9597321CCC}.Release|Any CPU.ActiveCfg = Release|Any CPU
		{1DABDDEA-2AAE-5409-D51B-7B9597321CCC}.Release|Any CPU.Build.0 = Release|Any CPU
		{C71518C8-0C59-95D9-64E8-6369F396139E}.Debug|Any CPU.ActiveCfg = Debug|Any CPU
		{C71518C8-0C59-95D9-64E8-6369F396139E}.Debug|Any CPU.Build.0 = Debug|Any CPU
		{C71518C8-0C59-95D9-64E8-6369F396139E}.Release|Any CPU.ActiveCfg = Release|Any CPU
		{C71518C8-0C59-95D9-64E8-6369F396139E}.Release|Any CPU.Build.0 = Release|Any CPU
		{E5CBC7E5-741B-C007-8920-0D364AC19FE4}.Debug|Any CPU.ActiveCfg = Debug|Any CPU
		{E5CBC7E5-741B-C007-8920-0D364AC19FE4}.Debug|Any CPU.Build.0 = Debug|Any CPU
		{E5CBC7E5-741B-C007-8920-0D364AC19FE4}.Release|Any CPU.ActiveCfg = Release|Any CPU
		{E5CBC7E5-741B-C007-8920-0D364AC19FE4}.Release|Any CPU.Build.0 = Release|Any CPU
	EndGlobalSection
	GlobalSection(SolutionProperties) = preSolution
		HideSolutionNode = FALSE
	EndGlobalSection
	GlobalSection(MonoDevelopProperties) = preSolution
		StartupItem = Assembly-CSharp.csproj
	EndGlobalSection
EndGlobal
